
Microsoft Visual Studio Solution File, Format Version 12.00
# Visual Studio Version 16
VisualStudioVersion = 16.0.31424.327
MinimumVisualStudioVersion = 10.0.40219.1
Project("{FAE04EC0-301F-11D3-BF4B-00C04F79EFBC}") = "AufnahmesteuerungTvHeadend", "AufnahmesteuerungTvHeadend.csproj", "{5249FF5C-F903-499E-818A-DFDC878B35D5}"
EndProject
Project("{9A19103F-16F7-4668-BE54-9A1E7A4F7556}") = "TvHeadendRestApiClientLibrary", "..\TvHeadendRestApiClientLibrary\TvHeadendRestApiClientLibrary.csproj", "{78F24EF5-4B53-42F2-9124-F6623B8EA5ED}"
EndProject
Global
	GlobalSection(SolutionConfigurationPlatforms) = preSolution
		Debug|Any CPU = Debug|Any CPU
		Release|Any CPU = Release|Any CPU
	EndGlobalSection
	GlobalSection(ProjectConfigurationPlatforms) = postSolution
		{5249FF5C-F903-499E-818A-DFDC878B35D5}.Debug|Any CPU.ActiveCfg = Debug|Any CPU
		{5249FF5C-F903-499E-818A-DFDC878B35D5}.Debug|Any CPU.Build.0 = Debug|Any CPU
		{5249FF5C-F903-499E-818A-DFDC878B35D5}.Release|Any CPU.ActiveCfg = Release|Any CPU
		{5249FF5C-F903-499E-818A-DFDC878B35D5}.Release|Any CPU.Build.0 = Release|Any CPU
		{78F24EF5-4B53-42F2-9124-F6623B8EA5ED}.Debug|Any CPU.ActiveCfg = Debug|Any CPU
		{78F24EF5-4B53-42F2-9124-F6623B8EA5ED}.Debug|Any CPU.Build.0 = Debug|Any CPU
		{78F24EF5-4B53-42F2-9124-F6623B8EA5ED}.Release|Any CPU.ActiveCfg = Release|Any CPU
		{78F24EF5-4B53-42F2-9124-F6623B8EA5ED}.Release|Any CPU.Build.0 = Release|Any CPU
	EndGlobalSection
	GlobalSection(SolutionProperties) = preSolution
		HideSolutionNode = FALSE
	EndGlobalSection
	GlobalSection(ExtensibilityGlobals) = postSolution
		SolutionGuid = {DCA97B45-D498-47CA-BD10-846F896ADF6E}
	EndGlobalSection
EndGlobal
